
Microsoft Visual Studio Solution File, Format Version 12.00
Project("{FAE04EC0-301F-11D3-BF4B-00C04F79EFBC}") = "MyBillingProduct", "MyBillingProduct\MyBillingProduct.csproj", "{B581EDF3-1590-46E2-926D-EDC1F3265694}"
EndProject
Project("{FAE04EC0-301F-11D3-BF4B-00C04F79EFBC}") = "MyBillingProduct.UnitTests", "MyBillingProduct.UnitTests\MyBillingProduct.UnitTests.csproj", "{728ACE6B-7082-4271-9C91-583ED9B5993E}"
EndProject
Global
	GlobalSection(SolutionConfigurationPlatforms) = preSolution
		Debug|Any CPU = Debug|Any CPU
		Release|Any CPU = Release|Any CPU
	EndGlobalSection
	GlobalSection(ProjectConfigurationPlatforms) = postSolution
		{B581EDF3-1590-46E2-926D-EDC1F3265694}.Debug|Any CPU.ActiveCfg = Debug|Any CPU
		{B581EDF3-1590-46E2-926D-EDC1F3265694}.Debug|Any CPU.Build.0 = Debug|Any CPU
		{B581EDF3-1590-46E2-926D-EDC1F3265694}.Release|Any CPU.ActiveCfg = Release|Any CPU
		{B581EDF3-1590-46E2-926D-EDC1F3265694}.Release|Any CPU.Build.0 = Release|Any CPU
		{728ACE6B-7082-4271-9C91-583ED9B5993E}.Debug|Any CPU.ActiveCfg = Debug|Any CPU
		{728ACE6B-7082-4271-9C91-583ED9B5993E}.Debug|Any CPU.Build.0 = Debug|Any CPU
		{728ACE6B-7082-4271-9C91-583ED9B5993E}.Release|Any CPU.ActiveCfg = Release|Any CPU
		{728ACE6B-7082-4271-9C91-583ED9B5993E}.Release|Any CPU.Build.0 = Release|Any CPU
	EndGlobalSection
EndGlobal
